
Microsoft Visual Studio Solution File, Format Version 12.00
# Visual Studio Version 16
VisualStudioVersion = 16.0.33801.447
MinimumVisualStudioVersion = 10.0.40219.1
Project("{FAE04EC0-301F-11D3-BF4B-00C04F79EFBC}") = "WA_02_Core_Dersleri", "WA_02_Core_Dersleri\WA_02_Core_Dersleri.csproj", "{13374584-94B5-46B1-96A8-A81DFE1C8E7B}"
EndProject
Global
	GlobalSection(SolutionConfigurationPlatforms) = preSolution
		Debug|Any CPU = Debug|Any CPU
		Release|Any CPU = Release|Any CPU
	EndGlobalSection
	GlobalSection(ProjectConfigurationPlatforms) = postSolution
		{13374584-94B5-46B1-96A8-A81DFE1C8E7B}.Debug|Any CPU.ActiveCfg = Debug|Any CPU
		{13374584-94B5-46B1-96A8-A81DFE1C8E7B}.Debug|Any CPU.Build.0 = Debug|Any CPU
		{13374584-94B5-46B1-96A8-A81DFE1C8E7B}.Release|Any CPU.ActiveCfg = Release|Any CPU
		{13374584-94B5-46B1-96A8-A81DFE1C8E7B}.Release|Any CPU.Build.0 = Release|Any CPU
	EndGlobalSection
	GlobalSection(SolutionProperties) = preSolution
		HideSolutionNode = FALSE
	EndGlobalSection
	GlobalSection(ExtensibilityGlobals) = postSolution
		SolutionGuid = {D2C3C377-82C6-4B97-BAF8-D27CE4F65213}
	EndGlobalSection
EndGlobal
